
Microsoft Visual Studio Solution File, Format Version 12.00
# Visual Studio Version 17
VisualStudioVersion = 17.10.35004.147
MinimumVisualStudioVersion = 10.0.40219.1
Project("{FAE04EC0-301F-11D3-BF4B-00C04F79EFBC}") = "TaskManagementAPI", "TaskManagementAPI\TaskManagementAPI.csproj", "{C7348C60-403E-4E4E-AC44-F6F7029EA302}"
EndProject
Global
	GlobalSection(SolutionConfigurationPlatforms) = preSolution
		Debug|Any CPU = Debug|Any CPU
		Release|Any CPU = Release|Any CPU
	EndGlobalSection
	GlobalSection(ProjectConfigurationPlatforms) = postSolution
		{C7348C60-403E-4E4E-AC44-F6F7029EA302}.Debug|Any CPU.ActiveCfg = Debug|Any CPU
		{C7348C60-403E-4E4E-AC44-F6F7029EA302}.Debug|Any CPU.Build.0 = Debug|Any CPU
		{C7348C60-403E-4E4E-AC44-F6F7029EA302}.Release|Any CPU.ActiveCfg = Release|Any CPU
		{C7348C60-403E-4E4E-AC44-F6F7029EA302}.Release|Any CPU.Build.0 = Release|Any CPU
	EndGlobalSection
	GlobalSection(SolutionProperties) = preSolution
		HideSolutionNode = FALSE
	EndGlobalSection
	GlobalSection(ExtensibilityGlobals) = postSolution
		SolutionGuid = {A06F4E29-D6EF-46E2-A225-5E92E7D5BD5A}
	EndGlobalSection
EndGlobal
